
Microsoft Visual Studio Solution File, Format Version 12.00
# Visual Studio Version 16
VisualStudioVersion = 16.0.31129.286
MinimumVisualStudioVersion = 10.0.40219.1
Project("{FAE04EC0-301F-11D3-BF4B-00C04F79EFBC}") = "Constructor Project", "Constructor Project\Constructor Project.csproj", "{619660A2-9270-4827-8DA7-E68F87653C80}"
EndProject
Global
	GlobalSection(SolutionConfigurationPlatforms) = preSolution
		Debug|Any CPU = Debug|Any CPU
		Release|Any CPU = Release|Any CPU
	EndGlobalSection
	GlobalSection(ProjectConfigurationPlatforms) = postSolution
		{619660A2-9270-4827-8DA7-E68F87653C80}.Debug|Any CPU.ActiveCfg = Debug|Any CPU
		{619660A2-9270-4827-8DA7-E68F87653C80}.Debug|Any CPU.Build.0 = Debug|Any CPU
		{619660A2-9270-4827-8DA7-E68F87653C80}.Release|Any CPU.ActiveCfg = Release|Any CPU
		{619660A2-9270-4827-8DA7-E68F87653C80}.Release|Any CPU.Build.0 = Release|Any CPU
	EndGlobalSection
	GlobalSection(SolutionProperties) = preSolution
		HideSolutionNode = FALSE
	EndGlobalSection
	GlobalSection(ExtensibilityGlobals) = postSolution
		SolutionGuid = {9D8EBF16-FA22-4F79-BAFA-4C0CE4E24962}
	EndGlobalSection
EndGlobal
