
Microsoft Visual Studio Solution File, Format Version 12.00
# Visual Studio Version 16
VisualStudioVersion = 16.0.31129.286
MinimumVisualStudioVersion = 10.0.40219.1
Project("{FAE04EC0-301F-11D3-BF4B-00C04F79EFBC}") = "Main_Method_App", "Main_Method_App\Main_Method_App.csproj", "{5B9BE9C8-28D2-4AEB-9134-E64FF2937E66}"
EndProject
Global
	GlobalSection(SolutionConfigurationPlatforms) = preSolution
		Debug|Any CPU = Debug|Any CPU
		Release|Any CPU = Release|Any CPU
	EndGlobalSection
	GlobalSection(ProjectConfigurationPlatforms) = postSolution
		{5B9BE9C8-28D2-4AEB-9134-E64FF2937E66}.Debug|Any CPU.ActiveCfg = Debug|Any CPU
		{5B9BE9C8-28D2-4AEB-9134-E64FF2937E66}.Debug|Any CPU.Build.0 = Debug|Any CPU
		{5B9BE9C8-28D2-4AEB-9134-E64FF2937E66}.Release|Any CPU.ActiveCfg = Release|Any CPU
		{5B9BE9C8-28D2-4AEB-9134-E64FF2937E66}.Release|Any CPU.Build.0 = Release|Any CPU
	EndGlobalSection
	GlobalSection(SolutionProperties) = preSolution
		HideSolutionNode = FALSE
	EndGlobalSection
	GlobalSection(ExtensibilityGlobals) = postSolution
		SolutionGuid = {123C821B-D36A-4774-99D5-21E010AF3956}
	EndGlobalSection
EndGlobal
