
Microsoft Visual Studio Solution File, Format Version 12.00
# Visual Studio Version 16
VisualStudioVersion = 16.0.31129.286
MinimumVisualStudioVersion = 10.0.40219.1
Project("{FAE04EC0-301F-11D3-BF4B-00C04F79EFBC}") = "Iteration_Project", "Iteration_Project\Iteration_Project.csproj", "{ED3B1BCC-78B3-4DD2-87DA-3F6B6F655583}"
EndProject
Global
	GlobalSection(SolutionConfigurationPlatforms) = preSolution
		Debug|Any CPU = Debug|Any CPU
		Release|Any CPU = Release|Any CPU
	EndGlobalSection
	GlobalSection(ProjectConfigurationPlatforms) = postSolution
		{ED3B1BCC-78B3-4DD2-87DA-3F6B6F655583}.Debug|Any CPU.ActiveCfg = Debug|Any CPU
		{ED3B1BCC-78B3-4DD2-87DA-3F6B6F655583}.Debug|Any CPU.Build.0 = Debug|Any CPU
		{ED3B1BCC-78B3-4DD2-87DA-3F6B6F655583}.Release|Any CPU.ActiveCfg = Release|Any CPU
		{ED3B1BCC-78B3-4DD2-87DA-3F6B6F655583}.Release|Any CPU.Build.0 = Release|Any CPU
	EndGlobalSection
	GlobalSection(SolutionProperties) = preSolution
		HideSolutionNode = FALSE
	EndGlobalSection
	GlobalSection(ExtensibilityGlobals) = postSolution
		SolutionGuid = {90D8570B-030E-45C6-8646-E7EC4EE99975}
	EndGlobalSection
EndGlobal
