
Microsoft Visual Studio Solution File, Format Version 12.00
# Visual Studio Version 16
VisualStudioVersion = 16.0.31129.286
MinimumVisualStudioVersion = 10.0.40219.1
Project("{FAE04EC0-301F-11D3-BF4B-00C04F79EFBC}") = "ShippingQuoteApp", "ShippingQuoteApp\ShippingQuoteApp.csproj", "{C0521EB2-23F8-41E3-9664-089C643460CF}"
EndProject
Global
	GlobalSection(SolutionConfigurationPlatforms) = preSolution
		Debug|Any CPU = Debug|Any CPU
		Release|Any CPU = Release|Any CPU
	EndGlobalSection
	GlobalSection(ProjectConfigurationPlatforms) = postSolution
		{C0521EB2-23F8-41E3-9664-089C643460CF}.Debug|Any CPU.ActiveCfg = Debug|Any CPU
		{C0521EB2-23F8-41E3-9664-089C643460CF}.Debug|Any CPU.Build.0 = Debug|Any CPU
		{C0521EB2-23F8-41E3-9664-089C643460CF}.Release|Any CPU.ActiveCfg = Release|Any CPU
		{C0521EB2-23F8-41E3-9664-089C643460CF}.Release|Any CPU.Build.0 = Release|Any CPU
	EndGlobalSection
	GlobalSection(SolutionProperties) = preSolution
		HideSolutionNode = FALSE
	EndGlobalSection
	GlobalSection(ExtensibilityGlobals) = postSolution
		SolutionGuid = {6C5E487B-D405-4CD3-8EB7-C351D9077CFF}
	EndGlobalSection
EndGlobal
