
Microsoft Visual Studio Solution File, Format Version 12.00
# Visual Studio Version 16
VisualStudioVersion = 16.0.31129.286
MinimumVisualStudioVersion = 10.0.40219.1
Project("{FAE04EC0-301F-11D3-BF4B-00C04F79EFBC}") = "Car Insurance App", "Car Insurance App\Car Insurance App.csproj", "{A80636D9-1D9F-412F-8F8A-E368F351E249}"
EndProject
Global
	GlobalSection(SolutionConfigurationPlatforms) = preSolution
		Debug|Any CPU = Debug|Any CPU
		Release|Any CPU = Release|Any CPU
	EndGlobalSection
	GlobalSection(ProjectConfigurationPlatforms) = postSolution
		{A80636D9-1D9F-412F-8F8A-E368F351E249}.Debug|Any CPU.ActiveCfg = Debug|Any CPU
		{A80636D9-1D9F-412F-8F8A-E368F351E249}.Debug|Any CPU.Build.0 = Debug|Any CPU
		{A80636D9-1D9F-412F-8F8A-E368F351E249}.Release|Any CPU.ActiveCfg = Release|Any CPU
		{A80636D9-1D9F-412F-8F8A-E368F351E249}.Release|Any CPU.Build.0 = Release|Any CPU
	EndGlobalSection
	GlobalSection(SolutionProperties) = preSolution
		HideSolutionNode = FALSE
	EndGlobalSection
	GlobalSection(ExtensibilityGlobals) = postSolution
		SolutionGuid = {C7F146DD-7D74-4C3D-8BBC-28DDB2B9B6C2}
	EndGlobalSection
EndGlobal
